
Microsoft Visual Studio Solution File, Format Version 12.00
# Visual Studio Version 16
VisualStudioVersion = 16.0.32228.343
MinimumVisualStudioVersion = 10.0.40219.1
Project("{FAE04EC0-301F-11D3-BF4B-00C04F79EFBC}") = "OIDC", "OIDC\OIDC.csproj", "{0FBE39C5-B126-4026-A11B-9CD1B43E73D3}"
EndProject
Project("{FAE04EC0-301F-11D3-BF4B-00C04F79EFBC}") = "ApplicationResources", "ApplicationResources\ApplicationResources.csproj", "{843EB352-6E83-4E9B-92FB-0039AEEB95B3}"
EndProject
Project("{FAE04EC0-301F-11D3-BF4B-00C04F79EFBC}") = "ApplicationClient", "ApplicationClient\ApplicationClient.csproj", "{D9F14A9D-DE5C-4148-8F71-F584499C3E49}"
EndProject
Global
	GlobalSection(SolutionConfigurationPlatforms) = preSolution
		Debug|Any CPU = Debug|Any CPU
		Release|Any CPU = Release|Any CPU
	EndGlobalSection
	GlobalSection(ProjectConfigurationPlatforms) = postSolution
		{0FBE39C5-B126-4026-A11B-9CD1B43E73D3}.Debug|Any CPU.ActiveCfg = Debug|Any CPU
		{0FBE39C5-B126-4026-A11B-9CD1B43E73D3}.Debug|Any CPU.Build.0 = Debug|Any CPU
		{0FBE39C5-B126-4026-A11B-9CD1B43E73D3}.Release|Any CPU.ActiveCfg = Release|Any CPU
		{0FBE39C5-B126-4026-A11B-9CD1B43E73D3}.Release|Any CPU.Build.0 = Release|Any CPU
		{843EB352-6E83-4E9B-92FB-0039AEEB95B3}.Debug|Any CPU.ActiveCfg = Debug|Any CPU
		{843EB352-6E83-4E9B-92FB-0039AEEB95B3}.Debug|Any CPU.Build.0 = Debug|Any CPU
		{843EB352-6E83-4E9B-92FB-0039AEEB95B3}.Release|Any CPU.ActiveCfg = Release|Any CPU
		{843EB352-6E83-4E9B-92FB-0039AEEB95B3}.Release|Any CPU.Build.0 = Release|Any CPU
		{D9F14A9D-DE5C-4148-8F71-F584499C3E49}.Debug|Any CPU.ActiveCfg = Debug|Any CPU
		{D9F14A9D-DE5C-4148-8F71-F584499C3E49}.Debug|Any CPU.Build.0 = Debug|Any CPU
		{D9F14A9D-DE5C-4148-8F71-F584499C3E49}.Release|Any CPU.ActiveCfg = Release|Any CPU
		{D9F14A9D-DE5C-4148-8F71-F584499C3E49}.Release|Any CPU.Build.0 = Release|Any CPU
	EndGlobalSection
	GlobalSection(SolutionProperties) = preSolution
		HideSolutionNode = FALSE
	EndGlobalSection
	GlobalSection(ExtensibilityGlobals) = postSolution
		SolutionGuid = {8CF5968B-37D0-4C46-B61E-D6760925107A}
	EndGlobalSection
EndGlobal
